PODS:
  - CwlCatchException (2.2.1):
    - CwlCatchExceptionSupport (~> 2.2.1)
  - CwlCatchExceptionSupport (2.2.1)
  - desktop_drop (0.0.1):
    - FlutterMacOS
  - file_picker (0.0.1):
    - FlutterMacOS
  - flutter_local_notifications (0.0.1):
    - FlutterMacOS
  - flutter_pty_new (0.0.1):
    - FlutterMacOS
  - flutter_secure_storage_darwin (10.0.0):
    - Flutter
    - FlutterMacOS
  - FlutterMacOS (1.0.0)
  - native_splash_screen_macos (3.0.0):
    - FlutterMacOS
  - package_info_plus (0.0.1):
    - FlutterMacOS
  - pasteboard (0.0.1):
    - FlutterMacOS
  - rust_lib_flutter_alacritty (0.1.0):
    - FlutterMacOS
  - screen_retriever_macos (0.0.1):
    - FlutterMacOS
  - shared_preferences_foundation (0.0.1):
    - Flutter
    - FlutterMacOS
  - speech_to_text (7.2.0):
    - CwlCatchException
    - Flutter
    - FlutterMacOS
  - url_launcher_macos (0.0.1):
    - FlutterMacOS
  - window_manager (0.5.0):
    - FlutterMacOS

DEPENDENCIES:
  - desktop_drop (from `Flutter/ephemeral/.symlinks/plugins/desktop_drop/macos`)
  - file_picker (from `Flutter/ephemeral/.symlinks/plugins/file_picker/macos`)
  - flutter_local_notifications (from `Flutter/ephemeral/.symlinks/plugins/flutter_local_notifications/macos`)
  - flutter_pty_new (from `Flutter/ephemeral/.symlinks/plugins/flutter_pty_new/macos`)
  - flutter_secure_storage_darwin (from `Flutter/ephemeral/.symlinks/plugins/flutter_secure_storage_darwin/darwin`)
  - FlutterMacOS (from `Flutter/ephemeral`)
  - native_splash_screen_macos (from `Flutter/ephemeral/.symlinks/plugins/native_splash_screen_macos/macos`)
  - package_info_plus (from `Flutter/ephemeral/.symlinks/plugins/package_info_plus/macos`)
  - pasteboard (from `Flutter/ephemeral/.symlinks/plugins/pasteboard/macos`)
  - rust_lib_flutter_alacritty (from `Flutter/ephemeral/.symlinks/plugins/rust_lib_flutter_alacritty/macos`)
  - screen_retriever_macos (from `Flutter/ephemeral/.symlinks/plugins/screen_retriever_macos/macos`)
  - shared_preferences_foundation (from `Flutter/ephemeral/.symlinks/plugins/shared_preferences_foundation/darwin`)
  - speech_to_text (from `Flutter/ephemeral/.symlinks/plugins/speech_to_text/darwin`)
  - url_launcher_macos (from `Flutter/ephemeral/.symlinks/plugins/url_launcher_macos/macos`)
  - window_manager (from `Flutter/ephemeral/.symlinks/plugins/window_manager/macos`)

SPEC REPOS:
  trunk:
    - CwlCatchException
    - CwlCatchExceptionSupport

EXTERNAL SOURCES:
  desktop_drop:
    :path: Flutter/ephemeral/.symlinks/plugins/desktop_drop/macos
  file_picker:
    :path: Flutter/ephemeral/.symlinks/plugins/file_picker/macos
  flutter_local_notifications:
    :path: Flutter/ephemeral/.symlinks/plugins/flutter_local_notifications/macos
  flutter_pty_new:
    :path: Flutter/ephemeral/.symlinks/plugins/flutter_pty_new/macos
  flutter_secure_storage_darwin:
    :path: Flutter/ephemeral/.symlinks/plugins/flutter_secure_storage_darwin/darwin
  FlutterMacOS:
    :path: Flutter/ephemeral
  native_splash_screen_macos:
    :path: Flutter/ephemeral/.symlinks/plugins/native_splash_screen_macos/macos
  package_info_plus:
    :path: Flutter/ephemeral/.symlinks/plugins/package_info_plus/macos
  pasteboard:
    :path: Flutter/ephemeral/.symlinks/plugins/pasteboard/macos
  rust_lib_flutter_alacritty:
    :path: Flutter/ephemeral/.symlinks/plugins/rust_lib_flutter_alacritty/macos
  screen_retriever_macos:
    :path: Flutter/ephemeral/.symlinks/plugins/screen_retriever_macos/macos
  shared_preferences_foundation:
    :path: Flutter/ephemeral/.symlinks/plugins/shared_preferences_foundation/darwin
  speech_to_text:
    :path: Flutter/ephemeral/.symlinks/plugins/speech_to_text/darwin
  url_launcher_macos:
    :path: Flutter/ephemeral/.symlinks/plugins/url_launcher_macos/macos
  window_manager:
    :path: Flutter/ephemeral/.symlinks/plugins/window_manager/macos

SPEC CHECKSUMS:
  CwlCatchException: 7acc161b299a6de7f0a46a6ed741eae2c8b4d75a
  CwlCatchExceptionSupport: 54ccab8d8c78907b57f99717fb19d4cc3bce02dc
  desktop_drop: 1eeeb9484299585770b6461e4f3d60950e99efa2
  file_picker: e716a70a9fe5fd9e09ebc922d7541464289443af
  flutter_local_notifications: 4ccab5b7a22835214a6672e3f9c5e8ae207dab36
  flutter_pty_new: cbdb5dbf255801317dc229560e4c535950b2ce5f
  flutter_secure_storage_darwin: 557817588b80e60213cbecb573c45c76b788018d
  FlutterMacOS: c232990155153907050900a2e175c7773903ba4e
  native_splash_screen_macos: 532f059ff414b9d3aaae339c315276786e8a6737
  package_info_plus: 12f1c5c2cfe8727ca46cbd0b26677728972d9a5b
  pasteboard: f179698f095f9778bb5753a249027e697ba98953
  rust_lib_flutter_alacritty: e4fcb8b0170e665aa1eae60613876324cb3f0ebd
  screen_retriever_macos: 038d3f7b34a779b06f536842003e41e8ec1fb4b7
  shared_preferences_foundation: 5086985c1d43c5ba4d5e69a4e8083a389e2909e6
  speech_to_text: 87bf9298952e8d9073be1b6aade6d5758db5170c
  url_launcher_macos: 175a54c831f4375a6cf895875f716ee5af3888ce
  window_manager: e25faf20d88283a0d46e7b1a759d07261ca27575

PODFILE CHECKSUM: 1e95c36afbfd1cb6423ceca4de7a8e1b256fb6ac

COCOAPODS: 1.11.2
